// !$*UTF8*$!
{
	archiveVersion = 1;
	classes = {
	};
	objectVersion = 46;
	objects = {

/* Begin PBXBuildFile section */
		04F4C380A608B7DFB5F9E7BD /* Pods_RealmBaloonTest.framework in Frameworks */ = {isa = PBXBuildFile; fileRef = D94B27FD51623ACDF792A50C /* Pods_RealmBaloonTest.framework */; };
		C38111FC1E1F0B45008EE39B /* AppDelegate.swift in Sources */ = {isa = PBXBuildFile; fileRef = C38111FB1E1F0B45008EE39B /* AppDelegate.swift */; };
		C38111FE1E1F0B45008EE39B /* ViewController.swift in Sources */ = {isa = PBXBuildFile; fileRef = C38111FD1E1F0B45008EE39B /* ViewController.swift */; };
		C38112011E1F0B45008EE39B /* Main.storyboard in Resources */ = {isa = PBXBuildFile; fileRef = C38111FF1E1F0B45008EE39B /* Main.storyboard */; };
		C38112031E1F0B45008EE39B /* Assets.xcassets in Resources */ = {isa = PBXBuildFile; fileRef = C38112021E1F0B45008EE39B /* Assets.xcassets */; };
		C38112061E1F0B45008EE39B /* LaunchScreen.storyboard in Resources */ = {isa = PBXBuildFile; fileRef = C38112041E1F0B45008EE39B /* LaunchScreen.storyboard */; };
		C381120E1E1F0CB4008EE39B /* Configuration.swift in Sources */ = {isa = PBXBuildFile; fileRef = C381120D1E1F0CB4008EE39B /* Configuration.swift */; };
		C38112101E1F0E2F008EE39B /* AnObject.swift in Sources */ = {isa = PBXBuildFile; fileRef = C381120F1E1F0E2F008EE39B /* AnObject.swift */; };
/* End PBXBuildFile section */

/* Begin PBXFileReference section */
		25892D8615F4E41916F01E70 /* Pods-RealmBaloonTest.debug.xcconfig */ = {isa = PBXFileReference; includeInIndex = 1; lastKnownFileType = text.xcconfig; name = "Pods-RealmBaloonTest.debug.xcconfig"; path = "Pods/Target Support Files/Pods-RealmBaloonTest/Pods-RealmBaloonTest.debug.xcconfig"; sourceTree = "<group>"; };
		C38111F81E1F0B45008EE39B /* RealmBaloonTest.app */ = {isa = PBXFileReference; explicitFileType = wrapper.application; includeInIndex = 0; path = RealmBaloonTest.app; sourceTree = BUILT_PRODUCTS_DIR; };
		C38111FB1E1F0B45008EE39B /* AppDelegate.swift */ = {isa = PBXFileReference; lastKnownFileType = sourcecode.swift; path = AppDelegate.swift; sourceTree = "<group>"; };
		C38111FD1E1F0B45008EE39B /* ViewController.swift */ = {isa = PBXFileReference; lastKnownFileType = sourcecode.swift; path = ViewController.swift; sourceTree = "<group>"; };
		C38112001E1F0B45008EE39B /* Base */ = {isa = PBXFileReference; lastKnownFileType = file.storyboard; name = Base; path = Base.lproj/Main.storyboard; sourceTree = "<group>"; };
		C38112021E1F0B45008EE39B /* Assets.xcassets */ = {isa = PBXFileReference; lastKnownFileType = folder.assetcatalog; path = Assets.xcassets; sourceTree = "<group>"; };
		C38112051E1F0B45008EE39B /* Base */ = {isa = PBXFileReference; lastKnownFileType = file.storyboard; name = Base; path = Base.lproj/LaunchScreen.storyboard; sourceTree = "<group>"; };
		C38112071E1F0B45008EE39B /* Info.plist */ = {isa = PBXFileReference; lastKnownFileType = text.plist.xml; path = Info.plist; sourceTree = "<group>"; };
		C381120D1E1F0CB4008EE39B /* Configuration.swift */ = {isa = PBXFileReference; fileEncoding = 4; lastKnownFileType = sourcecode.swift; path = Configuration.swift; sourceTree = "<group>"; };
		C381120F1E1F0E2F008EE39B /* AnObject.swift */ = {isa = PBXFileReference; fileEncoding = 4; lastKnownFileType = sourcecode.swift; path = AnObject.swift; sourceTree = "<group>"; };
		D4D781D6781517D0D48B2433 /* Pods-RealmBaloonTest.release.xcconfig */ = {isa = PBXFileReference; includeInIndex = 1; lastKnownFileType = text.xcconfig; name = "Pods-RealmBaloonTest.release.xcconfig"; path = "Pods/Target Support Files/Pods-RealmBaloonTest/Pods-RealmBaloonTest.release.xcconfig"; sourceTree = "<group>"; };
		D94B27FD51623ACDF792A50C /* Pods_RealmBaloonTest.framework */ = {isa = PBXFileReference; explicitFileType = wrapper.framework; includeInIndex = 0; path = Pods_RealmBaloonTest.framework; sourceTree = BUILT_PRODUCTS_DIR; };
/* End PBXFileReference section */

/* Begin PBXFrameworksBuildPhase section */
		C38111F51E1F0B45008EE39B /* Frameworks */ = {
			isa = PBXFrameworksBuildPhase;
			buildActionMask = 2147483647;
			files = (
				04F4C380A608B7DFB5F9E7BD /* Pods_RealmBaloonTest.framework in Frameworks */,
			);
			runOnlyForDeploymentPostprocessing = 0;
		};
/* End PBXFrameworksBuildPhase section */

/* Begin PBXGroup section */
		2732236A214E0E74B91D0531 /* Pods */ = {
			isa = PBXGroup;
			children = (
				25892D8615F4E41916F01E70 /* Pods-RealmBaloonTest.debug.xcconfig */,
				D4D781D6781517D0D48B2433 /* Pods-RealmBaloonTest.release.xcconfig */,
			);
			name = Pods;
			sourceTree = "<group>";
		};
		C38111EF1E1F0B45008EE39B = {
			isa = PBXGroup;
			children = (
				C38111FA1E1F0B45008EE39B /* RealmBaloonTest */,
				C38111F91E1F0B45008EE39B /* Products */,
				2732236A214E0E74B91D0531 /* Pods */,
				CB786A5EA8A64DA2CC98A508 /* Frameworks */,
			);
			sourceTree = "<group>";
		};
		C38111F91E1F0B45008EE39B /* Products */ = {
			isa = PBXGroup;
			children = (
				C38111F81E1F0B45008EE39B /* RealmBaloonTest.app */,
			);
			name = Products;
			sourceTree = "<group>";
		};
		C38111FA1E1F0B45008EE39B /* RealmBaloonTest */ = {
			isa = PBXGroup;
			children = (
				C38111FB1E1F0B45008EE39B /* AppDelegate.swift */,
				C38111FD1E1F0B45008EE39B /* ViewController.swift */,
				C38111FF1E1F0B45008EE39B /* Main.storyboard */,
				C38112021E1F0B45008EE39B /* Assets.xcassets */,
				C38112041E1F0B45008EE39B /* LaunchScreen.storyboard */,
				C38112071E1F0B45008EE39B /* Info.plist */,
				C381120D1E1F0CB4008EE39B /* Configuration.swift */,
				C381120F1E1F0E2F008EE39B /* AnObject.swift */,
			);
			path = RealmBaloonTest;
			sourceTree = "<group>";
		};
		CB786A5EA8A64DA2CC98A508 /* Frameworks */ = {
			isa = PBXGroup;
			children = (
				D94B27FD51623ACDF792A50C /* Pods_RealmBaloonTest.framework */,
			);
			name = Frameworks;
			sourceTree = "<group>";
		};
/* End PBXGroup section */

/* Begin PBXNativeTarget section */
		C38111F71E1F0B45008EE39B /* RealmBaloonTest */ = {
			isa = PBXNativeTarget;
			buildConfigurationList = C381120A1E1F0B45008EE39B /* Build configuration list for PBXNativeTarget "RealmBaloonTest" */;
			buildPhases = (
				8DC1C061124EA164F0B61C59 /* [CP] Check Pods Manifest.lock */,
				C38111F41E1F0B45008EE39B /* Sources */,
				C38111F51E1F0B45008EE39B /* Frameworks */,
				C38111F61E1F0B45008EE39B /* Resources */,
				D4FBCFF9D1E42E92515D7318 /* [CP] Embed Pods Frameworks */,
				A8BCB48F3A7C714B4F663B56 /* [CP] Copy Pods Resources */,
			);
			buildRules = (
			);
			dependencies = (
			);
			name = RealmBaloonTest;
			productName = RealmBaloonTest;
			productReference = C38111F81E1F0B45008EE39B /* RealmBaloonTest.app */;
			productType = "com.apple.product-type.application";
		};
/* End PBXNativeTarget section */

/* Begin PBXProject section */
		C38111F01E1F0B45008EE39B /* Project object */ = {
			isa = PBXProject;
			attributes = {
				LastSwiftUpdateCheck = 0820;
				LastUpgradeCheck = 0820;
				ORGANIZATIONNAME = "Jon Vogel";
				TargetAttributes = {
					C38111F71E1F0B45008EE39B = {
						CreatedOnToolsVersion = 8.2.1;
						DevelopmentTeam = 67AVUS3VDD;
						ProvisioningStyle = Automatic;
					};
				};
			};
			buildConfigurationList = C38111F31E1F0B45008EE39B /* Build configuration list for PBXProject "RealmBaloonTest" */;
			compatibilityVersion = "Xcode 3.2";
			developmentRegion = English;
			hasScannedForEncodings = 0;
			knownRegions = (
				en,
				Base,
			);
			mainGroup = C38111EF1E1F0B45008EE39B;
			productRefGroup = C38111F91E1F0B45008EE39B /* Products */;
			projectDirPath = "";
			projectRoot = "";
			targets = (
				C38111F71E1F0B45008EE39B /* RealmBaloonTest */,
			);
		};
/* End PBXProject section */

/* Begin PBXResourcesBuildPhase section */
		C38111F61E1F0B45008EE39B /* Resources */ = {
			isa = PBXResourcesBuildPhase;
			buildActionMask = 2147483647;
			files = (
				C38112061E1F0B45008EE39B /* LaunchScreen.storyboard in Resources */,
				C38112031E1F0B45008EE39B /* Assets.xcassets in Resources */,
				C38112011E1F0B45008EE39B /* Main.storyboard in Resources */,
			);
			runOnlyForDeploymentPostprocessing = 0;
		};
/* End PBXResourcesBuildPhase section */

/* Begin PBXShellScriptBuildPhase section */
		8DC1C061124EA164F0B61C59 /* [CP] Check Pods Manifest.lock */ = {
			isa = PBXShellScriptBuildPhase;
			buildActionMask = 2147483647;
			files = (
			);
			inputPaths = (
			);
			name = "[CP] Check Pods Manifest.lock";
			outputPaths = (
			);
			runOnlyForDeploymentPostprocessing = 0;
			shellPath = /bin/sh;
			shellScript = "diff \"${PODS_ROOT}/../Podfile.lock\" \"${PODS_ROOT}/Manifest.lock\" > /dev/null\nif [ $? != 0 ] ; then\n    # print error to STDERR\n    echo \"error: The sandbox is not in sync with the Podfile.lock. Run 'pod install' or update your CocoaPods installation.\" >&2\n    exit 1\nfi\n";
			showEnvVarsInLog = 0;
		};
		A8BCB48F3A7C714B4F663B56 /* [CP] Copy Pods Resources */ = {
			isa = PBXShellScriptBuildPhase;
			buildActionMask = 2147483647;
			files = (
			);
			inputPaths = (
			);
			name = "[CP] Copy Pods Resources";
			outputPaths = (
			);
			runOnlyForDeploymentPostprocessing = 0;
			shellPath = /bin/sh;
			shellScript = "\"${SRCROOT}/Pods/Target Support Files/Pods-RealmBaloonTest/Pods-RealmBaloonTest-resources.sh\"\n";
			showEnvVarsInLog = 0;
		};
		D4FBCFF9D1E42E92515D7318 /* [CP] Embed Pods Frameworks */ = {
			isa = PBXShellScriptBuildPhase;
			buildActionMask = 2147483647;
			files = (
			);
			inputPaths = (
			);
			name = "[CP] Embed Pods Frameworks";
			outputPaths = (
			);
			runOnlyForDeploymentPostprocessing = 0;
			shellPath = /bin/sh;
			shellScript = "\"${SRCROOT}/Pods/Target Support Files/Pods-RealmBaloonTest/Pods-RealmBaloonTest-frameworks.sh\"\n";
			showEnvVarsInLog = 0;
		};
/* End PBXShellScriptBuildPhase section */

/* Begin PBXSourcesBuildPhase section */
		C38111F41E1F0B45008EE39B /* Sources */ = {
			isa = PBXSourcesBuildPhase;
			buildActionMask = 2147483647;
			files = (
				C381120E1E1F0CB4008EE39B /* Configuration.swift in Sources */,
				C38111FE1E1F0B45008EE39B /* ViewController.swift in Sources */,
				C38111FC1E1F0B45008EE39B /* AppDelegate.swift in Sources */,
				C38112101E1F0E2F008EE39B /* AnObject.swift in Sources */,
			);
			runOnlyForDeploymentPostprocessing = 0;
		};
/* End PBXSourcesBuildPhase section */

/* Begin PBXVariantGroup section */
		C38111FF1E1F0B45008EE39B /* Main.storyboard */ = {
			isa = PBXVariantGroup;
			children = (
				C38112001E1F0B45008EE39B /* Base */,
			);
			name = Main.storyboard;
			sourceTree = "<group>";
		};
		C38112041E1F0B45008EE39B /* LaunchScreen.storyboard */ = {
			isa = PBXVariantGroup;
			children = (
				C38112051E1F0B45008EE39B /* Base */,
			);
			name = LaunchScreen.storyboard;
			sourceTree = "<group>";
		};
/* End PBXVariantGroup section */

/* Begin XCBuildConfiguration section */
		C38112081E1F0B45008EE39B /* Debug */ = {
			isa = XCBuildConfiguration;
			buildSettings = {
				ALWAYS_SEARCH_USER_PATHS = NO;
				CLANG_ANALYZER_NONNULL = YES;
				CLANG_CXX_LANGUAGE_STANDARD = "gnu++0x";
				CLANG_CXX_LIBRARY = "libc++";
				CLANG_ENABLE_MODULES = YES;
				CLANG_ENABLE_OBJC_ARC = YES;
				CLANG_WARN_BOOL_CONVERSION = YES;
				CLANG_WARN_CONSTANT_CONVERSION = YES;
				CLANG_WARN_DIRECT_OBJC_ISA_USAGE = YES_ERROR;
				CLANG_WARN_DOCUMENTATION_COMMENTS = YES;
				CLANG_WARN_EMPTY_BODY = YES;
				CLANG_WARN_ENUM_CONVERSION = YES;
				CLANG_WARN_INFINITE_RECURSION = YES;
				CLANG_WARN_INT_CONVERSION = YES;
				CLANG_WARN_OBJC_ROOT_CLASS = YES_ERROR;
				CLANG_WARN_SUSPICIOUS_MOVE = YES;
				CLANG_WARN_UNREACHABLE_CODE = YES;
				CLANG_WARN__DUPLICATE_METHOD_MATCH = YES;
				"CODE_SIGN_IDENTITY[sdk=iphoneos*]" = "iPhone Developer";
				COPY_PHASE_STRIP = NO;
				DEBUG_INFORMATION_FORMAT = dwarf;
				ENABLE_STRICT_OBJC_MSGSEND = YES;
				ENABLE_TESTABILITY = YES;
				GCC_C_LANGUAGE_STANDARD = gnu99;
				GCC_DYNAMIC_NO_PIC = NO;
				GCC_NO_COMMON_BLOCKS = YES;
				GCC_OPTIMIZATION_LEVEL = 0;
				GCC_PREPROCESSOR_DEFINITIONS = (
					"DEBUG=1",
					"$(inherited)",
				);
				GCC_WARN_64_TO_32_BIT_CONVERSION = YES;
				GCC_WARN_ABOUT_RETURN_TYPE = YES_ERROR;
				GCC_WARN_UNDECLARED_SELECTOR = YES;
				GCC_WARN_UNINITIALIZED_AUTOS = YES_AGGRESSIVE;
				GCC_WARN_UNUSED_FUNCTION = YES;
				GCC_WARN_UNUSED_VARIABLE = YES;
				IPHONEOS_DEPLOYMENT_TARGET = 10.2;
				MTL_ENABLE_DEBUG_INFO = YES;
				ONLY_ACTIVE_ARCH = YES;
				SDKROOT = iphoneos;
				SWIFT_ACTIVE_COMPILATION_CONDITIONS = DEBUG;
				SWIFT_OPTIMIZATION_LEVEL = "-Onone";
				TARGETED_DEVICE_FAMILY = "1,2";
			};
			name = Debug;
		};
		C38112091E1F0B45008EE39B /* Release */ = {
			isa = XCBuildConfiguration;
			buildSettings = {
				ALWAYS_SEARCH_USER_PATHS = NO;
				CLANG_ANALYZER_NONNULL = YES;
				CLANG_CXX_LANGUAGE_STANDARD = "gnu++0x";
				CLANG_CXX_LIBRARY = "libc++";
				CLANG_ENABLE_MODULES = YES;
				CLANG_ENABLE_OBJC_ARC = YES;
				CLANG_WARN_BOOL_CONVERSION = YES;
				CLANG_WARN_CONSTANT_CONVERSION = YES;
				CLANG_WARN_DIRECT_OBJC_ISA_USAGE = YES_ERROR;
				CLANG_WARN_DOCUMENTATION_COMMENTS = YES;
				CLANG_WARN_EMPTY_BODY = YES;
				CLANG_WARN_ENUM_CONVERSION = YES;
				CLANG_WARN_INFINITE_RECURSION = YES;
				CLANG_WARN_INT_CONVERSION = YES;
				CLANG_WARN_OBJC_ROOT_CLASS = YES_ERROR;
				CLANG_WARN_SUSPICIOUS_MOVE = YES;
				CLANG_WARN_UNREACHABLE_CODE = YES;
				CLANG_WARN__DUPLICATE_METHOD_MATCH = YES;
				"CODE_SIGN_IDENTITY[sdk=iphoneos*]" = "iPhone Developer";
				COPY_PHASE_STRIP = NO;
				DEBUG_INFORMATION_FORMAT = "dwarf-with-dsym";
				ENABLE_NS_ASSERTIONS = NO;
				ENABLE_STRICT_OBJC_MSGSEND = YES;
				GCC_C_LANGUAGE_STANDARD = gnu99;
				GCC_NO_COMMON_BLOCKS = YES;
				GCC_WARN_64_TO_32_BIT_CONVERSION = YES;
				GCC_WARN_ABOUT_RETURN_TYPE = YES_ERROR;
				GCC_WARN_UNDECLARED_SELECTOR = YES;
				GCC_WARN_UNINITIALIZED_AUTOS = YES_AGGRESSIVE;
				GCC_WARN_UNUSED_FUNCTION = YES;
				GCC_WARN_UNUSED_VARIABLE = YES;
				IPHONEOS_DEPLOYMENT_TARGET = 10.2;
				MTL_ENABLE_DEBUG_INFO = NO;
				SDKROOT = iphoneos;
				SWIFT_OPTIMIZATION_LEVEL = "-Owholemodule";
				TARGETED_DEVICE_FAMILY = "1,2";
				VALIDATE_PRODUCT = YES;
			};
			name = Release;
		};
		C381120B1E1F0B45008EE39B /* Debug */ = {
			isa = XCBuildConfiguration;
			baseConfigurationReference = 25892D8615F4E41916F01E70 /* Pods-RealmBaloonTest.debug.xcconfig */;
			buildSettings = {
				ASSETCATALOG_COMPILER_APPICON_NAME = AppIcon;
				DEVELOPMENT_TEAM = 67AVUS3VDD;
				INFOPLIST_FILE = RealmBaloonTest/Info.plist;
				LD_RUNPATH_SEARCH_PATHS = "$(inherited) @executable_path/Frameworks";
				PRODUCT_BUNDLE_IDENTIFIER = pebblebee.RealmBaloonTest;
				PRODUCT_NAME = "$(TARGET_NAME)";
				SWIFT_VERSION = 3.0;
			};
			name = Debug;
		};
		C381120C1E1F0B45008EE39B /* Release */ = {
			isa = XCBuildConfiguration;
			baseConfigurationReference = D4D781D6781517D0D48B2433 /* Pods-RealmBaloonTest.release.xcconfig */;
			buildSettings = {
				ASSETCATALOG_COMPILER_APPICON_NAME = AppIcon;
				DEVELOPMENT_TEAM = 67AVUS3VDD;
				INFOPLIST_FILE = RealmBaloonTest/Info.plist;
				LD_RUNPATH_SEARCH_PATHS = "$(inherited) @executable_path/Frameworks";
				PRODUCT_BUNDLE_IDENTIFIER = pebblebee.RealmBaloonTest;
				PRODUCT_NAME = "$(TARGET_NAME)";
				SWIFT_VERSION = 3.0;
			};
			name = Release;
		};
/* End XCBuildConfiguration section */

/* Begin XCConfigurationList section */
		C38111F31E1F0B45008EE39B /* Build configuration list for PBXProject "RealmBaloonTest" */ = {
			isa = XCConfigurationList;
			buildConfigurations = (
				C38112081E1F0B45008EE39B /* Debug */,
				C38112091E1F0B45008EE39B /* Release */,
			);
			defaultConfigurationIsVisible = 0;
			defaultConfigurationName = Release;
		};
		C381120A1E1F0B45008EE39B /* Build configuration list for PBXNativeTarget "RealmBaloonTest" */ = {
			isa = XCConfigurationList;
			buildConfigurations = (
				C381120B1E1F0B45008EE39B /* Debug */,
				C381120C1E1F0B45008EE39B /* Release */,
			);
			defaultConfigurationIsVisible = 0;
			defaultConfigurationName = Release;
		};
/* End XCConfigurationList section */
	};
	rootObject = C38111F01E1F0B45008EE39B /* Project object */;
}
